# Generated by buf. DO NOT EDIT.
version: v1
deps:
  - remote: buf.build
    owner: erdaniels
    repository: gostream
    commit: ae00de34a29e41ed96578beb4a84ae9e
    digest: shake256:98cdbd37fd64db3f5b2e463863b1231af2653f155931de0655687758a0b312f8d60314060cd3caa8232f37e69fbb38de93057e6905aa29ee6aed4aca8b575421
  - remote: buf.build
    owner: googleapis
    repository: googleapis
    commit: 61b203b9a9164be9a834f58c37be6f62
    digest: shake256:e619113001d6e284ee8a92b1561e5d4ea89a47b28bf0410815cb2fa23914df8be9f1a6a98dcf069f5bc2d829a2cfb1ac614863be45cd4f8a5ad8606c5f200224
  - remote: buf.build
    owner: viamrobotics
    repository: api
    commit: b97b7d252a80474bb3c350f7a97b5ada
    digest: shake256:07ce2fb9b8edeb2adb9e6637a5d2c3d4f6e5c004774e03adfde75dd37ba7b9058521af3ec568417e3a53bf7d227655a144f631ef14ac550f82905d0708a0e6e4
  - remote: buf.build
    owner: viamrobotics
    repository: goutils
    commit: 5fff320e3fab4611aea8180e09bcb5e5
    digest: shake256:90c138bb04d9639a14ca56a98f780c89ea227f9c48b92311c22e6f7a316d331508b08df2cc43183fd4f9931920e9c2264643c68dbe8d9efc479dc62231fd6709
